<Solution>
  <Configurations>
    <Platform Name="x64" />
  </Configurations>
  <Project Path="PulsarBattery.Device/PulsarBattery.Device.csproj" Id="1f1366ff-c87d-4802-8e12-25856558e617" />
  <Project Path="PulsarBattery/PulsarBattery.csproj">
    <Platform Project="x64" />
    <Deploy />
  </Project>
</Solution>
